
Microsoft Visual Studio Solution File, Format Version 12.00
# Visual Studio Version 16
VisualStudioVersion = 16.0.31321.278
MinimumVisualStudioVersion = 10.0.40219.1
Project("{9A19103F-16F7-4668-BE54-9A1E7A4F7556}") = "ConnectFour", "ConnectFour.csproj", "{D22501A8-6345-4100-8688-78C19CF439FE}"
EndProject
Global
	GlobalSection(SolutionConfigurationPlatforms) = preSolution
		Debug|Any CPU = Debug|Any CPU
		foo|Any CPU = foo|Any CPU
		Release|Any CPU = Release|Any CPU
	EndGlobalSection
	GlobalSection(ProjectConfigurationPlatforms) = postSolution
		{D22501A8-6345-4100-8688-78C19CF439FE}.Debug|Any CPU.ActiveCfg = Release|Any CPU
		{D22501A8-6345-4100-8688-78C19CF439FE}.Debug|Any CPU.Build.0 = Release|Any CPU
		{D22501A8-6345-4100-8688-78C19CF439FE}.foo|Any CPU.ActiveCfg = foo|Any CPU
		{D22501A8-6345-4100-8688-78C19CF439FE}.foo|Any CPU.Build.0 = foo|Any CPU
		{D22501A8-6345-4100-8688-78C19CF439FE}.Release|Any CPU.ActiveCfg = Release|Any CPU
		{D22501A8-6345-4100-8688-78C19CF439FE}.Release|Any CPU.Build.0 = Release|Any CPU
	EndGlobalSection
	GlobalSection(SolutionProperties) = preSolution
		HideSolutionNode = FALSE
	EndGlobalSection
	GlobalSection(ExtensibilityGlobals) = postSolution
		SolutionGuid = {15E83349-1EEA-42A7-8469-7BFEE108FED9}
	EndGlobalSection
EndGlobal
